
Microsoft Visual Studio Solution File, Format Version 12.00
# Visual Studio Version 17
VisualStudioVersion = 17.10.35122.118
MinimumVisualStudioVersion = 10.0.40219.1
Project("{9A19103F-16F7-4668-BE54-9A1E7A4F7556}") = "day_01", "day_01\day_01.csproj", "{B5D9B81D-D166-4A55-844A-0BD86AF52419}"
EndProject
Project("{FAE04EC0-301F-11D3-BF4B-00C04F79EFBC}") = "Web.dataAccess", "Web.dataAccess\Web.dataAccess.csproj", "{2B4ABFF2-F2D1-46D6-BE4C-DF3BD8C0E6A2}"
EndProject
Project("{FAE04EC0-301F-11D3-BF4B-00C04F79EFBC}") = "Web.Utilities", "Web.Utilities\Web.Utilities.csproj", "{D9395626-B370-4CD3-8DD1-3495F339E4D0}"
EndProject
Project("{FAE04EC0-301F-11D3-BF4B-00C04F79EFBC}") = "Web.Models", "Web.Models\Web.Models.csproj", "{E6263B9C-7B4A-4FED-A40F-D77DA546D9C9}"
EndProject
Global
	GlobalSection(SolutionConfigurationPlatforms) = preSolution
		Debug|Any CPU = Debug|Any CPU
		Release|Any CPU = Release|Any CPU
	EndGlobalSection
	GlobalSection(ProjectConfigurationPlatforms) = postSolution
		{B5D9B81D-D166-4A55-844A-0BD86AF52419}.Debug|Any CPU.ActiveCfg = Debug|Any CPU
		{B5D9B81D-D166-4A55-844A-0BD86AF52419}.Debug|Any CPU.Build.0 = Debug|Any CPU
		{B5D9B81D-D166-4A55-844A-0BD86AF52419}.Release|Any CPU.ActiveCfg = Release|Any CPU
		{B5D9B81D-D166-4A55-844A-0BD86AF52419}.Release|Any CPU.Build.0 = Release|Any CPU
		{2B4ABFF2-F2D1-46D6-BE4C-DF3BD8C0E6A2}.Debug|Any CPU.ActiveCfg = Debug|Any CPU
		{2B4ABFF2-F2D1-46D6-BE4C-DF3BD8C0E6A2}.Debug|Any CPU.Build.0 = Debug|Any CPU
		{2B4ABFF2-F2D1-46D6-BE4C-DF3BD8C0E6A2}.Release|Any CPU.ActiveCfg = Release|Any CPU
		{2B4ABFF2-F2D1-46D6-BE4C-DF3BD8C0E6A2}.Release|Any CPU.Build.0 = Release|Any CPU
		{D9395626-B370-4CD3-8DD1-3495F339E4D0}.Debug|Any CPU.ActiveCfg = Debug|Any CPU
		{D9395626-B370-4CD3-8DD1-3495F339E4D0}.Debug|Any CPU.Build.0 = Debug|Any CPU
		{D9395626-B370-4CD3-8DD1-3495F339E4D0}.Release|Any CPU.ActiveCfg = Release|Any CPU
		{D9395626-B370-4CD3-8DD1-3495F339E4D0}.Release|Any CPU.Build.0 = Release|Any CPU
		{E6263B9C-7B4A-4FED-A40F-D77DA546D9C9}.Debug|Any CPU.ActiveCfg = Debug|Any CPU
		{E6263B9C-7B4A-4FED-A40F-D77DA546D9C9}.Debug|Any CPU.Build.0 = Debug|Any CPU
		{E6263B9C-7B4A-4FED-A40F-D77DA546D9C9}.Release|Any CPU.ActiveCfg = Release|Any CPU
		{E6263B9C-7B4A-4FED-A40F-D77DA546D9C9}.Release|Any CPU.Build.0 = Release|Any CPU
	EndGlobalSection
	GlobalSection(SolutionProperties) = preSolution
		HideSolutionNode = FALSE
	EndGlobalSection
	GlobalSection(ExtensibilityGlobals) = postSolution
		SolutionGuid = {2E535322-4D54-47D6-9953-81BBF14061F1}
	EndGlobalSection
EndGlobal
